
Microsoft Visual Studio Solution File, Format Version 12.00
# Visual Studio 15
VisualStudioVersion = 15.0.26430.13
MinimumVisualStudioVersion = 10.0.40219.1
Project("{FAE04EC0-301F-11D3-BF4B-00C04F79EFBC}") = "GitHubIntegration", "GitHubIntegration\GitHubIntegration.csproj", "{ED1A4FED-3A2C-4CCC-8A4B-39AE3D629AC1}"
EndProject
Global
	GlobalSection(SolutionConfigurationPlatforms) = preSolution
		Debug|Any CPU = Debug|Any CPU
		Release|Any CPU = Release|Any CPU
	EndGlobalSection
	GlobalSection(ProjectConfigurationPlatforms) = postSolution
		{ED1A4FED-3A2C-4CCC-8A4B-39AE3D629AC1}.Debug|Any CPU.ActiveCfg = Debug|Any CPU
		{ED1A4FED-3A2C-4CCC-8A4B-39AE3D629AC1}.Debug|Any CPU.Build.0 = Debug|Any CPU
		{ED1A4FED-3A2C-4CCC-8A4B-39AE3D629AC1}.Release|Any CPU.ActiveCfg = Release|Any CPU
		{ED1A4FED-3A2C-4CCC-8A4B-39AE3D629AC1}.Release|Any CPU.Build.0 = Release|Any CPU
	EndGlobalSection
	GlobalSection(SolutionProperties) = preSolution
		HideSolutionNode = FALSE
	EndGlobalSection
EndGlobal
